
Microsoft Visual Studio Solution File, Format Version 10.00
# Visual C++ Express 2008
Project("{8BC9CEB8-8B4A-11D0-8D11-00A0C91BC942}") = "Micro-X", "Micro-X.vcproj", "{AF0C18F0-9E98-444F-BF0A-2BBAD0B2E058}"
EndProject
Global
	GlobalSection(SolutionConfigurationPlatforms) = preSolution
		Debug|Win32 = Debug|Win32
		Release|Win32 = Release|Win32
	EndGlobalSection
	GlobalSection(ProjectConfigurationPlatforms) = postSolution
		{AF0C18F0-9E98-444F-BF0A-2BBAD0B2E058}.Debug|Win32.ActiveCfg = Debug|Win32
		{AF0C18F0-9E98-444F-BF0A-2BBAD0B2E058}.Debug|Win32.Build.0 = Debug|Win32
		{AF0C18F0-9E98-444F-BF0A-2BBAD0B2E058}.Release|Win32.ActiveCfg = Release|Win32
		{AF0C18F0-9E98-444F-BF0A-2BBAD0B2E058}.Release|Win32.Build.0 = Release|Win32
	EndGlobalSection
	GlobalSection(SolutionProperties) = preSolution
		HideSolutionNode = FALSE
	EndGlobalSection
EndGlobal
